{
  "name": "cc-sandboxer",
  "version": "1.0.11",
  "lockfileVersion": 3,
  "requires": true,
  "packages": {
    "": {
      "name": "cc-sandboxer",
      "version": "1.0.11",
      "license": "MIT",
      "os": [
        "darwin",
        "linux"
      ],
      "bin": {
        "cc-sandboxer": "cc-sandboxer.sh"
      },
      "engines": {
        "node": ">=16"
      }
    }
  }
}
